
Microsoft Visual Studio Solution File, Format Version 12.00
# Visual Studio 2013
VisualStudioVersion = 12.0.30723.0
MinimumVisualStudioVersion = 10.0.40219.1
Project("{FAE04EC0-301F-11D3-BF4B-00C04F79EFBC}") = "BingMaps_GPS_WPF", "BingMaps_GPS_WPF\BingMaps_GPS_WPF.csproj", "{59A418E0-1ACD-4BAE-994A-D30F6695A1BB}"
EndProject
Global
	GlobalSection(SolutionConfigurationPlatforms) = preSolution
		Debug|Any CPU = Debug|Any CPU
		Release|Any CPU = Release|Any CPU
	EndGlobalSection
	GlobalSection(ProjectConfigurationPlatforms) = postSolution
		{59A418E0-1ACD-4BAE-994A-D30F6695A1BB}.Debug|Any CPU.ActiveCfg = Debug|Any CPU
		{59A418E0-1ACD-4BAE-994A-D30F6695A1BB}.Debug|Any CPU.Build.0 = Debug|Any CPU
		{59A418E0-1ACD-4BAE-994A-D30F6695A1BB}.Release|Any CPU.ActiveCfg = Release|Any CPU
		{59A418E0-1ACD-4BAE-994A-D30F6695A1BB}.Release|Any CPU.Build.0 = Release|Any CPU
	EndGlobalSection
	GlobalSection(SolutionProperties) = preSolution
		HideSolutionNode = FALSE
	EndGlobalSection
EndGlobal
